<?xml version="1.0" encoding="utf-8"?>
<Project ToolsVersion="4.0" xmlns="http://schemas.microsoft.com/developer/msbuild/2003">
  <ItemGroup>
    <Filter Include="General">
      <UniqueIdentifier>{4FC737F1-C7A5-4376-A066-2A32D752A2FF}</UniqueIdentifier>
      <Extensions>cpp;c;cc;cxx;def;odl;idl;hpj;bat;asm;asmx</Extensions>
    </Filter>
    <Filter Include="Math">
      <UniqueIdentifier>{46d8f629-df6a-4f83-80a5-17009284b5eb}</UniqueIdentifier>
    </Filter>
    <Filter Include="Renderer">
      <UniqueIdentifier>{05aa7255-4561-4aed-8789-a4c1955ab116}</UniqueIdentifier>
    </Filter>
    <Filter Include="Input">
      <UniqueIdentifier>{06d566b4-f25c-4b62-9894-4840c2724236}</UniqueIdentifier>
    </Filter>
    <Filter Include="Physics">
      <UniqueIdentifier>{273c404a-35b7-448f-b792-4aa336d1a55d}</UniqueIdentifier>
    </Filter>
    <Filter Include="ThirdParty">
      <UniqueIdentifier>{46295128-759f-456f-bfa2-846d48878b43}</UniqueIdentifier>
    </Filter>
    <Filter Include="Audio">
      <UniqueIdentifier>{af6e0c7c-a876-4878-90c3-80c033053002}</UniqueIdentifier>
    </Filter>
    <Filter Include="Networking">
      <UniqueIdentifier>{d9cffbf2-0ec9-410b-9fdd-86948970d015}</UniqueIdentifier>
    </Filter>
    <Filter Include="UI">
      <UniqueIdentifier>{b35cd0f9-0023-4e4f-a342-9139e4b9fcc1}</UniqueIdentifier>
    </Filter>
  </ItemGroup>
  <ItemGroup>
    <ClCompile Include="Math\Vector2.cpp">
      <Filter>Math</Filter>
    </ClCompile>
    <ClCompile Include="Math\MathUtils.cpp">
      <Filter>Math</Filter>
    </ClCompile>
    <ClCompile Include="Renderer\Renderer.cpp">
      <Filter>Renderer</Filter>
    </ClCompile>
    <ClCompile Include="Math\AABB2.cpp">
      <Filter>Math</Filter>
    </ClCompile>
    <ClCompile Include="Input\InputSystem.cpp">
      <Filter>Input</Filter>
    </ClCompile>
    <ClCompile Include="Math\Disc2.cpp">
      <Filter>Math</Filter>
    </ClCompile>
    <ClCompile Include="Math\LineSegment2.cpp">
      <Filter>Math</Filter>
    </ClCompile>
    <ClCompile Include="Core\ErrorWarningAssert.cpp">
      <Filter>General</Filter>
    </ClCompile>
    <ClCompile Include="Core\StringUtils.cpp">
      <Filter>General</Filter>
    </ClCompile>
    <ClCompile Include="Core\Time.cpp">
      <Filter>General</Filter>
    </ClCompile>
    <ClCompile Include="Core\Rgba.cpp">
      <Filter>General</Filter>
    </ClCompile>
    <ClCompile Include="Input\XboxController.cpp">
      <Filter>Input</Filter>
    </ClCompile>
    <ClCompile Include="..\ThirdParty\TinyXML2\tinyxml2.cpp">
      <Filter>ThirdParty</Filter>
    </ClCompile>
    <ClCompile Include="Math\Capsule2.cpp">
      <Filter>Math</Filter>
    </ClCompile>
    <ClCompile Include="Renderer\Texture.cpp">
      <Filter>Renderer</Filter>
    </ClCompile>
    <ClCompile Include="..\ThirdParty\stb\stb_image.c">
      <Filter>ThirdParty</Filter>
    </ClCompile>
    <ClCompile Include="Math\IntVector2.cpp">
      <Filter>Math</Filter>
    </ClCompile>
    <ClCompile Include="Math\Plane2.cpp">
      <Filter>Math</Filter>
    </ClCompile>
    <ClCompile Include="Core\Image.cpp">
      <Filter>Renderer</Filter>
    </ClCompile>
    <ClCompile Include="Renderer\SpriteSheet.cpp">
      <Filter>Renderer</Filter>
    </ClCompile>
    <ClCompile Include="Math\Vector3.cpp">
      <Filter>Math</Filter>
    </ClCompile>
    <ClCompile Include="Math\Sphere3.cpp">
      <Filter>Math</Filter>
    </ClCompile>
    <ClCompile Include="Math\AABB3.cpp">
      <Filter>Math</Filter>
    </ClCompile>
    <ClCompile Include="Math\LineSegment3.cpp">
      <Filter>Math</Filter>
    </ClCompile>
    <ClCompile Include="Math\IntVector3.cpp">
      <Filter>Math</Filter>
    </ClCompile>
    <ClCompile Include="Math\Plane3.cpp">
      <Filter>Math</Filter>
    </ClCompile>
    <ClCompile Include="Audio\Audio.cpp">
      <Filter>Audio</Filter>
    </ClCompile>
    <ClCompile Include="Renderer\SpriteAnimation.cpp">
      <Filter>Renderer</Filter>
    </ClCompile>
    <ClCompile Include="Math\Vector4.cpp">
      <Filter>Math</Filter>
    </ClCompile>
    <ClCompile Include="Math\Matrix4.cpp">
      <Filter>Math</Filter>
    </ClCompile>
    <ClCompile Include="Math\IntVector4.cpp">
      <Filter>Math</Filter>
    </ClCompile>
    <ClCompile Include="Core\BitmapFont.cpp">
      <Filter>General</Filter>
    </ClCompile>
    <ClCompile Include="Math\Noise.cpp">
      <Filter>Math</Filter>
    </ClCompile>
    <ClCompile Include="Core\FileUtils.cpp">
      <Filter>General</Filter>
    </ClCompile>
    <ClCompile Include="Math\Quaternion.cpp">
      <Filter>Math</Filter>
    </ClCompile>
    <ClCompile Include="Config.cpp">
      <Filter>General</Filter>
    </ClCompile>
    <ClCompile Include="Display.cpp">
      <Filter>General</Filter>
    </ClCompile>
    <ClCompile Include="Window.cpp">
      <Filter>General</Filter>
    </ClCompile>
    <ClCompile Include="RHI\RHIDevice.cpp">
      <Filter>Renderer</Filter>
    </ClCompile>
    <ClCompile Include="RHI\RHIDeviceContext.cpp">
      <Filter>Renderer</Filter>
    </ClCompile>
    <ClCompile Include="RHI\RHIInstance.cpp">
      <Filter>Renderer</Filter>
    </ClCompile>
    <ClCompile Include="RHI\RHIOutput.cpp">
      <Filter>Renderer</Filter>
    </ClCompile>
    <ClCompile Include="Core\EngineBase.cpp">
      <Filter>General</Filter>
    </ClCompile>
    <ClCompile Include="Renderer\Texture2D.cpp">
      <Filter>Renderer</Filter>
    </ClCompile>
    <ClCompile Include="RHI\RHITypes.cpp">
      <Filter>Renderer</Filter>
    </ClCompile>
    <ClCompile Include="Renderer\SimpleRenderer.cpp">
      <Filter>Renderer</Filter>
    </ClCompile>
    <ClCompile Include="Renderer\ShaderProgram.cpp">
      <Filter>Renderer</Filter>
    </ClCompile>
    <ClCompile Include="Renderer\Sampler.cpp">
      <Filter>Renderer</Filter>
    </ClCompile>
    <ClCompile Include="Renderer\IndexBuffer.cpp">
      <Filter>Renderer</Filter>
    </ClCompile>
    <ClCompile Include="Renderer\RasterState.cpp">
      <Filter>Renderer</Filter>
    </ClCompile>
    <ClCompile Include="Renderer\Buffer.cpp">
      <Filter>Renderer</Filter>
    </ClCompile>
    <ClCompile Include="Renderer\ConstantBuffer.cpp">
      <Filter>Renderer</Filter>
    </ClCompile>
    <ClCompile Include="Renderer\VertexBuffer.cpp">
      <Filter>Renderer</Filter>
    </ClCompile>
    <ClCompile Include="Renderer\IBuffer.cpp">
      <Filter>Renderer</Filter>
    </ClCompile>
    <ClCompile Include="Core\Console.cpp">
      <Filter>General</Filter>
    </ClCompile>
    <ClCompile Include="Renderer\BlendState.cpp">
      <Filter>Renderer</Filter>
    </ClCompile>
    <ClCompile Include="Renderer\DepthStencilState.cpp">
      <Filter>Renderer</Filter>
    </ClCompile>
    <ClCompile Include="RHI\DX11.cpp">
      <Filter>Renderer</Filter>
    </ClCompile>
    <ClCompile Include="Renderer\Mesh.cpp">
      <Filter>Renderer</Filter>
    </ClCompile>
    <ClCompile Include="Renderer\CubeMap.cpp">
      <Filter>Renderer</Filter>
    </ClCompile>
    <ClCompile Include="Renderer\Material.cpp">
      <Filter>Renderer</Filter>
    </ClCompile>
    <ClCompile Include="Renderer\Shader.cpp">
      <Filter>Renderer</Filter>
    </ClCompile>
    <ClCompile Include="..\ThirdParty\FBX\fbx.cpp">
      <Filter>ThirdParty</Filter>
    </ClCompile>
    <ClCompile Include="EngineConfig.cpp">
      <Filter>General</Filter>
    </ClCompile>
    <ClCompile Include="Math\Transform.cpp">
      <Filter>Math</Filter>
    </ClCompile>
    <ClCompile Include="Math\MatrixStack.cpp">
      <Filter>Math</Filter>
    </ClCompile>
    <ClCompile Include="Renderer\MeshBuilder.cpp">
      <Filter>Renderer</Filter>
    </ClCompile>
    <ClCompile Include="Core\DataUtils.cpp">
      <Filter>General</Filter>
    </ClCompile>
    <ClCompile Include="Renderer\MeshSkeleton.cpp">
      <Filter>Renderer</Filter>
    </ClCompile>
    <ClCompile Include="Core\EngineSubsystem.cpp">
      <Filter>General</Filter>
    </ClCompile>
    <ClCompile Include="Core\KerningFont.cpp">
      <Filter>General</Filter>
    </ClCompile>
    <ClCompile Include="Renderer\MeshMotion.cpp">
      <Filter>Renderer</Filter>
    </ClCompile>
    <ClCompile Include="Renderer\MeshPose.cpp">
      <Filter>Renderer</Filter>
    </ClCompile>
    <ClCompile Include="Renderer\MeshSkeletonInstance.cpp">
      <Filter>Renderer</Filter>
    </ClCompile>
    <ClCompile Include="Renderer\StructuredBuffer.cpp">
      <Filter>Renderer</Filter>
    </ClCompile>
    <ClCompile Include="Core\Memory.cpp">
      <Filter>General</Filter>
    </ClCompile>
    <ClCompile Include="BuildConfig.cpp">
      <Filter>General</Filter>
    </ClCompile>
    <ClCompile Include="Core\CallStack.cpp">
      <Filter>General</Filter>
    </ClCompile>
    <ClCompile Include="Core\Logger.cpp">
      <Filter>General</Filter>
    </ClCompile>
    <ClCompile Include="Core\Profiler.cpp">
      <Filter>General</Filter>
    </ClCompile>
    <ClCompile Include="Core\ProfileLogScope.cpp">
      <Filter>General</Filter>
    </ClCompile>
    <ClCompile Include="Core\JobSystem.cpp">
      <Filter>General</Filter>
    </ClCompile>
    <ClCompile Include="Core\Signal.cpp">
      <Filter>General</Filter>
    </ClCompile>
    <ClCompile Include="Physics\ParticleEffect.cpp">
      <Filter>Physics</Filter>
    </ClCompile>
    <ClCompile Include="Physics\ParticleEmitter.cpp">
      <Filter>Physics</Filter>
    </ClCompile>
    <ClCompile Include="Physics\ParticleSystem.cpp">
      <Filter>Physics</Filter>
    </ClCompile>
    <ClCompile Include="Physics\ParticleEffectDefinition.cpp">
      <Filter>Physics</Filter>
    </ClCompile>
    <ClCompile Include="Physics\Particle.cpp">
      <Filter>Physics</Filter>
    </ClCompile>
    <ClCompile Include="Physics\ParticleEmitterDefinition.cpp">
      <Filter>Physics</Filter>
    </ClCompile>
    <ClCompile Include="Renderer\ComputeShader.cpp">
      <Filter>Renderer</Filter>
    </ClCompile>
    <ClCompile Include="Renderer\ComputeJob.cpp">
      <Filter>Renderer</Filter>
    </ClCompile>
    <ClCompile Include="Renderer\ReadWriteBuffer.cpp">
      <Filter>Renderer</Filter>
    </ClCompile>
    <ClCompile Include="Renderer\TextureBase.cpp">
      <Filter>Renderer</Filter>
    </ClCompile>
    <ClCompile Include="Renderer\Texture1D.cpp">
      <Filter>Renderer</Filter>
    </ClCompile>
    <ClCompile Include="Renderer\Model.cpp">
      <Filter>Renderer</Filter>
    </ClCompile>
    <ClCompile Include="Networking\NetSystem.cpp">
      <Filter>Networking</Filter>
    </ClCompile>
    <ClCompile Include="Networking\TCPSocket.cpp">
      <Filter>Networking</Filter>
    </ClCompile>
    <ClCompile Include="Networking\Socket.cpp">
      <Filter>Networking</Filter>
    </ClCompile>
    <ClCompile Include="Networking\Message.cpp">
      <Filter>Networking</Filter>
    </ClCompile>
    <ClCompile Include="Networking\Session.cpp">
      <Filter>Networking</Filter>
    </ClCompile>
    <ClCompile Include="Networking\TCPSession.cpp">
      <Filter>Networking</Filter>
    </ClCompile>
    <ClCompile Include="Networking\Connection.cpp">
      <Filter>Networking</Filter>
    </ClCompile>
    <ClCompile Include="Networking\TCPConnection.cpp">
      <Filter>Networking</Filter>
    </ClCompile>
    <ClCompile Include="Networking\LoopBackConnection.cpp">
      <Filter>Networking</Filter>
    </ClCompile>
    <ClCompile Include="Networking\RemoteCommandService.cpp">
      <Filter>Networking</Filter>
    </ClCompile>
    <ClCompile Include="Networking\Address.cpp">
      <Filter>Networking</Filter>
    </ClCompile>
    <ClCompile Include="Networking\NetObject.cpp">
      <Filter>Networking</Filter>
    </ClCompile>
    <ClCompile Include="Networking\RPCSystem.cpp">
      <Filter>Networking</Filter>
    </ClCompile>
    <ClCompile Include="Core\Base64.cpp">
      <Filter>General</Filter>
    </ClCompile>
    <ClCompile Include="UI\Types.cpp">
      <Filter>UI</Filter>
    </ClCompile>
    <ClCompile Include="UI\Element.cpp">
      <Filter>UI</Filter>
    </ClCompile>
    <ClCompile Include="Renderer\Texture3D.cpp">
      <Filter>Renderer</Filter>
    </ClCompile>
    <ClCompile Include="UI\Canvas.cpp">
      <Filter>UI</Filter>
    </ClCompile>
    <ClCompile Include="UI\Panel.cpp">
      <Filter>UI</Filter>
    </ClCompile>
    <ClCompile Include="UI\Sprite.cpp">
      <Filter>UI</Filter>
    </ClCompile>
    <ClCompile Include="UI\Text.cpp">
      <Filter>UI</Filter>
    </ClCompile>
    <ClCompile Include="UI\Event.cpp">
      <Filter>UI</Filter>
    </ClCompile>
    <ClCompile Include="UI\EventOnEnter.cpp">
      <Filter>UI</Filter>
    </ClCompile>
    <ClCompile Include="UI\UiSystem.cpp">
      <Filter>UI</Filter>
    </ClCompile>
    <ClCompile Include="UI\Menu.cpp">
      <Filter>UI</Filter>
    </ClCompile>
    <ClCompile Include="Renderer\Camera3D.cpp">
      <Filter>Renderer</Filter>
    </ClCompile>
  </ItemGroup>
  <ItemGroup>
    <ClInclude Include="Math\Vector2.hpp">
      <Filter>Math</Filter>
    </ClInclude>
    <ClInclude Include="Math\MathUtils.hpp">
      <Filter>Math</Filter>
    </ClInclude>
    <ClInclude Include="Renderer\Renderer.hpp">
      <Filter>Renderer</Filter>
    </ClInclude>
    <ClInclude Include="Math\Disc2.hpp">
      <Filter>Math</Filter>
    </ClInclude>
    <ClInclude Include="Math\LineSegment2.hpp">
      <Filter>Math</Filter>
    </ClInclude>
    <ClInclude Include="Core\ErrorWarningAssert.hpp">
      <Filter>General</Filter>
    </ClInclude>
    <ClInclude Include="Core\StringUtils.hpp">
      <Filter>General</Filter>
    </ClInclude>
    <ClInclude Include="Core\Time.hpp">
      <Filter>General</Filter>
    </ClInclude>
    <ClInclude Include="Core\Rgba.hpp">
      <Filter>General</Filter>
    </ClInclude>
    <ClInclude Include="Input\XboxController.hpp">
      <Filter>Input</Filter>
    </ClInclude>
    <ClInclude Include="Input\InputSystem.hpp">
      <Filter>Input</Filter>
    </ClInclude>
    <ClInclude Include="Math\AABB2.hpp">
      <Filter>Math</Filter>
    </ClInclude>
    <ClInclude Include="Input\KeyState.hpp">
      <Filter>Input</Filter>
    </ClInclude>
    <ClInclude Include="..\ThirdParty\TinyXML2\tinyxml2.h">
      <Filter>ThirdParty</Filter>
    </ClInclude>
    <ClInclude Include="Renderer\Vertex2D.hpp">
      <Filter>Renderer</Filter>
    </ClInclude>
    <ClInclude Include="Math\Capsule2.hpp">
      <Filter>Math</Filter>
    </ClInclude>
    <ClInclude Include="Renderer\Texture.hpp">
      <Filter>Renderer</Filter>
    </ClInclude>
    <ClInclude Include="..\ThirdParty\stb\stb_image.h">
      <Filter>ThirdParty</Filter>
    </ClInclude>
    <ClInclude Include="Math\IntVector2.hpp">
      <Filter>Math</Filter>
    </ClInclude>
    <ClInclude Include="Math\Plane2.hpp">
      <Filter>Math</Filter>
    </ClInclude>
    <ClInclude Include="Core\Image.hpp">
      <Filter>Renderer</Filter>
    </ClInclude>
    <ClInclude Include="Renderer\SpriteSheet.hpp">
      <Filter>Renderer</Filter>
    </ClInclude>
    <ClInclude Include="Math\Vector3.hpp">
      <Filter>Math</Filter>
    </ClInclude>
    <ClInclude Include="Math\Sphere3.hpp">
      <Filter>Math</Filter>
    </ClInclude>
    <ClInclude Include="Math\AABB3.hpp">
      <Filter>Math</Filter>
    </ClInclude>
    <ClInclude Include="Math\LineSegment3.hpp">
      <Filter>Math</Filter>
    </ClInclude>
    <ClInclude Include="Math\IntVector3.hpp">
      <Filter>Math</Filter>
    </ClInclude>
    <ClInclude Include="Math\Plane3.hpp">
      <Filter>Math</Filter>
    </ClInclude>
    <ClInclude Include="Audio\Audio.hpp">
      <Filter>Audio</Filter>
    </ClInclude>
    <ClInclude Include="Renderer\SpriteAnimation.hpp">
      <Filter>Renderer</Filter>
    </ClInclude>
    <ClInclude Include="Math\Vector4.hpp">
      <Filter>Math</Filter>
    </ClInclude>
    <ClInclude Include="Math\Matrix4.hpp">
      <Filter>Math</Filter>
    </ClInclude>
    <ClInclude Include="Math\IntVector4.hpp">
      <Filter>Math</Filter>
    </ClInclude>
    <ClInclude Include="Core\BitmapFont.hpp">
      <Filter>General</Filter>
    </ClInclude>
    <ClInclude Include="Renderer\Vertex3D.hpp">
      <Filter>Renderer</Filter>
    </ClInclude>
    <ClInclude Include="Math\Noise.hpp">
      <Filter>Math</Filter>
    </ClInclude>
    <ClInclude Include="Core\FileUtils.hpp">
      <Filter>General</Filter>
    </ClInclude>
    <ClInclude Include="Core\EngineBase.hpp">
      <Filter>General</Filter>
    </ClInclude>
    <ClInclude Include="Core\ProfileLogScope.hpp">
      <Filter>General</Filter>
    </ClInclude>
    <ClInclude Include="..\ThirdParty\OpenGL\glext.h">
      <Filter>ThirdParty</Filter>
    </ClInclude>
    <ClInclude Include="..\ThirdParty\OpenGL\wglext.h">
      <Filter>ThirdParty</Filter>
    </ClInclude>
    <ClInclude Include="Math\Quaternion.hpp">
      <Filter>Math</Filter>
    </ClInclude>
    <ClInclude Include="Config.hpp">
      <Filter>General</Filter>
    </ClInclude>
    <ClInclude Include="Display.hpp">
      <Filter>General</Filter>
    </ClInclude>
    <ClInclude Include="EngineConfig.hpp">
      <Filter>General</Filter>
    </ClInclude>
    <ClInclude Include="Window.hpp">
      <Filter>General</Filter>
    </ClInclude>
    <ClInclude Include="RHI\DX11.hpp">
      <Filter>Renderer</Filter>
    </ClInclude>
    <ClInclude Include="RHI\RHIDevice.hpp">
      <Filter>Renderer</Filter>
    </ClInclude>
    <ClInclude Include="RHI\RHIDeviceContext.hpp">
      <Filter>Renderer</Filter>
    </ClInclude>
    <ClInclude Include="RHI\RHIInstance.hpp">
      <Filter>Renderer</Filter>
    </ClInclude>
    <ClInclude Include="RHI\RHIOutput.hpp">
      <Filter>Renderer</Filter>
    </ClInclude>
    <ClInclude Include="RHI\RHITypes.hpp">
      <Filter>Renderer</Filter>
    </ClInclude>
    <ClInclude Include="RHI\RHI.hpp">
      <Filter>Renderer</Filter>
    </ClInclude>
    <ClInclude Include="Renderer\Texture2D.hpp">
      <Filter>Renderer</Filter>
    </ClInclude>
    <ClInclude Include="Renderer\ShaderProgram.hpp">
      <Filter>Renderer</Filter>
    </ClInclude>
    <ClInclude Include="Renderer\SimpleRenderer.hpp">
      <Filter>Renderer</Filter>
    </ClInclude>
    <ClInclude Include="Renderer\Sampler.hpp">
      <Filter>Renderer</Filter>
    </ClInclude>
    <ClInclude Include="Renderer\IndexBuffer.hpp">
      <Filter>Renderer</Filter>
    </ClInclude>
    <ClInclude Include="Renderer\RasterState.hpp">
      <Filter>Renderer</Filter>
    </ClInclude>
    <ClInclude Include="Renderer\Buffer.hpp">
      <Filter>Renderer</Filter>
    </ClInclude>
    <ClInclude Include="Renderer\ConstantBuffer.hpp">
      <Filter>Renderer</Filter>
    </ClInclude>
    <ClInclude Include="Renderer\IBuffer.hpp">
      <Filter>Renderer</Filter>
    </ClInclude>
    <ClInclude Include="Renderer\VertexBuffer.hpp">
      <Filter>Renderer</Filter>
    </ClInclude>
    <ClInclude Include="Core\Console.hpp">
      <Filter>General</Filter>
    </ClInclude>
    <ClInclude Include="Renderer\BlendState.hpp">
      <Filter>Renderer</Filter>
    </ClInclude>
    <ClInclude Include="Renderer\DepthStencilState.hpp">
      <Filter>Renderer</Filter>
    </ClInclude>
    <ClInclude Include="Renderer\Mesh.hpp">
      <Filter>Renderer</Filter>
    </ClInclude>
    <ClInclude Include="Renderer\CubeMap.hpp">
      <Filter>Renderer</Filter>
    </ClInclude>
    <ClInclude Include="Renderer\Material.hpp">
      <Filter>Renderer</Filter>
    </ClInclude>
    <ClInclude Include="Renderer\Shader.hpp">
      <Filter>Renderer</Filter>
    </ClInclude>
    <ClInclude Include="..\ThirdParty\FBX\fbx.hpp">
      <Filter>ThirdParty</Filter>
    </ClInclude>
    <ClInclude Include="Math\Transform.hpp">
      <Filter>Math</Filter>
    </ClInclude>
    <ClInclude Include="Math\MatrixStack.hpp">
      <Filter>Math</Filter>
    </ClInclude>
    <ClInclude Include="Renderer\MeshBuilder.hpp">
      <Filter>Renderer</Filter>
    </ClInclude>
    <ClInclude Include="Core\DataUtils.hpp">
      <Filter>General</Filter>
    </ClInclude>
    <ClInclude Include="Renderer\MeshSkeleton.hpp">
      <Filter>Renderer</Filter>
    </ClInclude>
    <ClInclude Include="Core\EngineSubsystem.hpp">
      <Filter>General</Filter>
    </ClInclude>
    <ClInclude Include="Core\KerningFont.hpp">
      <Filter>General</Filter>
    </ClInclude>
    <ClInclude Include="Renderer\MeshMotion.hpp">
      <Filter>Renderer</Filter>
    </ClInclude>
    <ClInclude Include="Renderer\MeshPose.hpp">
      <Filter>Renderer</Filter>
    </ClInclude>
    <ClInclude Include="Renderer\MeshSkeletonInstance.hpp">
      <Filter>Renderer</Filter>
    </ClInclude>
    <ClInclude Include="Renderer\StructuredBuffer.hpp">
      <Filter>Renderer</Filter>
    </ClInclude>
    <ClInclude Include="Core\Memory.hpp">
      <Filter>General</Filter>
    </ClInclude>
    <ClInclude Include="Core\CallStack.hpp">
      <Filter>General</Filter>
    </ClInclude>
    <ClInclude Include="Core\Logger.hpp">
      <Filter>General</Filter>
    </ClInclude>
    <ClInclude Include="Core\CriticalSection.hpp">
      <Filter>General</Filter>
    </ClInclude>
    <ClInclude Include="Core\ThreadSafeQueue.hpp">
      <Filter>General</Filter>
    </ClInclude>
    <ClInclude Include="Core\Profiler.hpp">
      <Filter>General</Filter>
    </ClInclude>
    <ClInclude Include="Core\JobSystem.hpp">
      <Filter>General</Filter>
    </ClInclude>
    <ClInclude Include="Core\Signal.hpp">
      <Filter>General</Filter>
    </ClInclude>
    <ClInclude Include="Core\Atomic.hpp">
      <Filter>General</Filter>
    </ClInclude>
    <ClInclude Include="Physics\ParticleEffect.hpp">
      <Filter>Physics</Filter>
    </ClInclude>
    <ClInclude Include="Physics\ParticleEmitter.hpp">
      <Filter>Physics</Filter>
    </ClInclude>
    <ClInclude Include="Physics\ParticleSystem.hpp">
      <Filter>Physics</Filter>
    </ClInclude>
    <ClInclude Include="Physics\ParticleEffectDefinition.hpp">
      <Filter>Physics</Filter>
    </ClInclude>
    <ClInclude Include="Physics\Particle.hpp">
      <Filter>Physics</Filter>
    </ClInclude>
    <ClInclude Include="Physics\ParticleEmitterDefinition.hpp">
      <Filter>Physics</Filter>
    </ClInclude>
    <ClInclude Include="Renderer\ComputeShader.hpp">
      <Filter>Renderer</Filter>
    </ClInclude>
    <ClInclude Include="Renderer\ComputeJob.hpp">
      <Filter>Renderer</Filter>
    </ClInclude>
    <ClInclude Include="Renderer\ReadWriteBuffer.hpp">
      <Filter>Renderer</Filter>
    </ClInclude>
    <ClInclude Include="Renderer\TextureBase.hpp">
      <Filter>Renderer</Filter>
    </ClInclude>
    <ClInclude Include="Renderer\Texture1D.hpp">
      <Filter>Renderer</Filter>
    </ClInclude>
    <ClInclude Include="Renderer\Model.hpp">
      <Filter>Renderer</Filter>
    </ClInclude>
    <ClInclude Include="Networking\NetSystem.hpp">
      <Filter>Networking</Filter>
    </ClInclude>
    <ClInclude Include="Networking\TCPSocket.hpp">
      <Filter>Networking</Filter>
    </ClInclude>
    <ClInclude Include="Networking\Socket.hpp">
      <Filter>Networking</Filter>
    </ClInclude>
    <ClInclude Include="Networking\Message.hpp">
      <Filter>Networking</Filter>
    </ClInclude>
    <ClInclude Include="Networking\Session.hpp">
      <Filter>Networking</Filter>
    </ClInclude>
    <ClInclude Include="Networking\TCPSession.hpp">
      <Filter>Networking</Filter>
    </ClInclude>
    <ClInclude Include="Networking\Connection.hpp">
      <Filter>Networking</Filter>
    </ClInclude>
    <ClInclude Include="Networking\TCPConnection.hpp">
      <Filter>Networking</Filter>
    </ClInclude>
    <ClInclude Include="Networking\LoopBackConnection.hpp">
      <Filter>Networking</Filter>
    </ClInclude>
    <ClInclude Include="Networking\RemoteCommandService.hpp">
      <Filter>Networking</Filter>
    </ClInclude>
    <ClInclude Include="Core\Event.hpp">
      <Filter>General</Filter>
    </ClInclude>
    <ClInclude Include="Networking\Address.hpp">
      <Filter>Networking</Filter>
    </ClInclude>
    <ClInclude Include="Networking\NetObject.hpp">
      <Filter>Networking</Filter>
    </ClInclude>
    <ClInclude Include="Networking\RPCSystem.hpp">
      <Filter>Networking</Filter>
    </ClInclude>
    <ClInclude Include="Networking\Interval.hpp">
      <Filter>Networking</Filter>
    </ClInclude>
    <ClInclude Include="Core\Base64.hpp">
      <Filter>General</Filter>
    </ClInclude>
    <ClInclude Include="UI\Types.hpp">
      <Filter>UI</Filter>
    </ClInclude>
    <ClInclude Include="UI\Element.hpp">
      <Filter>UI</Filter>
    </ClInclude>
    <ClInclude Include="Renderer\Texture3D.hpp">
      <Filter>Renderer</Filter>
    </ClInclude>
    <ClInclude Include="UI\Canvas.hpp">
      <Filter>UI</Filter>
    </ClInclude>
    <ClInclude Include="UI\Panel.hpp">
      <Filter>UI</Filter>
    </ClInclude>
    <ClInclude Include="UI\Sprite.hpp">
      <Filter>UI</Filter>
    </ClInclude>
    <ClInclude Include="UI\Text.hpp">
      <Filter>UI</Filter>
    </ClInclude>
    <ClInclude Include="UI\Event.hpp">
      <Filter>UI</Filter>
    </ClInclude>
    <ClInclude Include="UI\EventOnEnter.hpp">
      <Filter>UI</Filter>
    </ClInclude>
    <ClInclude Include="Math.hpp">
      <Filter>General</Filter>
    </ClInclude>
    <ClInclude Include="Networking.hpp">
      <Filter>General</Filter>
    </ClInclude>
    <ClInclude Include="UI.hpp">
      <Filter>General</Filter>
    </ClInclude>
    <ClInclude Include="UI\UiSystem.hpp">
      <Filter>UI</Filter>
    </ClInclude>
    <ClInclude Include="UI\Menu.hpp">
      <Filter>UI</Filter>
    </ClInclude>
    <ClInclude Include="Renderer\Camera3D.hpp">
      <Filter>Renderer</Filter>
    </ClInclude>
  </ItemGroup>
</Project>